PODS:
  - FirebaseAppCheckInterop (11.0.0)
  - FirebaseCore (11.0.0):
    - FirebaseCoreInternal (~> 11.0)
    - GoogleUtilities/Environment (~> 8.0)
    - GoogleUtilities/Logger (~> 8.0)
  - FirebaseCoreInternal (11.0.0):
    - "GoogleUtilities/NSData+zlib (~> 8.0)"
  - FirebaseDatabase (11.0.0):
    - FirebaseAppCheckInterop (~> 11.0)
    - FirebaseCore (~> 11.0)
    - FirebaseSharedSwift (~> 11.0)
    - GoogleUtilities/UserDefaults (~> 8.0)
    - leveldb-library (~> 1.22)
  - FirebaseSharedSwift (11.0.0)
  - GoogleUtilities/Environment (8.0.1):
    - GoogleUtilities/Privacy
  - GoogleUtilities/Logger (8.0.1):
    - GoogleUtilities/Environment
    - GoogleUtilities/Privacy
  - "GoogleUtilities/NSData+zlib (8.0.1)":
    - GoogleUtilities/Privacy
  - GoogleUtilities/Privacy (8.0.1)
  - GoogleUtilities/UserDefaults (8.0.1):
    - GoogleUtilities/Logger
    - GoogleUtilities/Privacy
  - leveldb-library (1.22.5)

DEPENDENCIES:
  - FirebaseDatabase

SPEC REPOS:
  trunk:
    - FirebaseAppCheckInterop
    - FirebaseCore
    - FirebaseCoreInternal
    - FirebaseDatabase
    - FirebaseSharedSwift
    - GoogleUtilities
    - leveldb-library

SPEC CHECKSUMS:
  FirebaseAppCheckInterop: 6f63b3cf004e8bfd8f577e2221a95b4f0b6dc4c5
  FirebaseCore: 3cf438f431f18c12cdf2aaf64434648b63f7e383
  FirebaseCoreInternal: cac45dbc4824e152fe93cdd5dd46bd503c3fdffb
  FirebaseDatabase: 47b021386877846d30a7f3527c4f4fad8fd04b19
  FirebaseSharedSwift: 9d0e7130af2f0cf162ecd136971f9661f2a3f769
  GoogleUtilities: 52f677b52b0d2bed24e7b9c94455b1f7353a09f8
  leveldb-library: e8eadf9008a61f9e1dde3978c086d2b6d9b9dc28

PODFILE CHECKSUM: 65f5e4214b17d180b6c079955108e59b4fe556e5

COCOAPODS: 1.15.2
