// !$*UTF8*$!
{
	archiveVersion = 1;
	classes = {
	};
	objectVersion = 56;
	objects = {

/* Begin PBXBuildFile section */
		67680A1F2C6767CA001F1577 /* AppDelegate.swift in Sources */ = {isa = PBXBuildFile; fileRef = 67680A1E2C6767CA001F1577 /* AppDelegate.swift */; };
		67680A232C6768A9001F1577 /* StreetDrainManager.swift in Sources */ = {isa = PBXBuildFile; fileRef = 67680A222C6768A9001F1577 /* StreetDrainManager.swift */; };
		67C309F82C6754760084070F /* ChiaraApp.swift in Sources */ = {isa = PBXBuildFile; fileRef = 67C309F72C6754760084070F /* ChiaraApp.swift */; };
		67C309FA2C6754760084070F /* ContentView.swift in Sources */ = {isa = PBXBuildFile; fileRef = 67C309F92C6754760084070F /* ContentView.swift */; };
		67C309FC2C6754780084070F /* Assets.xcassets in Resources */ = {isa = PBXBuildFile; fileRef = 67C309FB2C6754780084070F /* Assets.xcassets */; };
		67C309FF2C6754780084070F /* Preview Assets.xcassets in Resources */ = {isa = PBXBuildFile; fileRef = 67C309FE2C6754780084070F /* Preview Assets.xcassets */; };
		72B0950F2C67C35600192F1A /* CameraView.swift in Sources */ = {isa = PBXBuildFile; fileRef = 72B0950E2C67C35600192F1A /* CameraView.swift */; };
		72B095122C67C38200192F1A /* Camera.swift in Sources */ = {isa = PBXBuildFile; fileRef = 72B095112C67C38200192F1A /* Camera.swift */; };
		72B095142C67C39D00192F1A /* CameraPreviewView.swift in Sources */ = {isa = PBXBuildFile; fileRef = 72B095132C67C39D00192F1A /* CameraPreviewView.swift */; };
		72B095162C67C3CA00192F1A /* CameraViewModel.swift in Sources */ = {isa = PBXBuildFile; fileRef = 72B095152C67C3CA00192F1A /* CameraViewModel.swift */; };
		8CCCAD1B2C67D65800A1B557 /* Lottie in Frameworks */ = {isa = PBXBuildFile; productRef = 8CCCAD1A2C67D65800A1B557 /* Lottie */; };
		8CCCAD1D2C67D6B500A1B557 /* chiara.json in Resources */ = {isa = PBXBuildFile; fileRef = 8CCCAD1C2C67D6B500A1B557 /* chiara.json */; };
		8CCCAD1F2C67D6F800A1B557 /* LottieView.swift in Sources */ = {isa = PBXBuildFile; fileRef = 8CCCAD1E2C67D6F800A1B557 /* LottieView.swift */; };
		8CCCAD2A2C67D8F000A1B557 /* Pods_Chiara.framework in Frameworks */ = {isa = PBXBuildFile; fileRef = 2991DA54440F2FB04014ED9B /* Pods_Chiara.framework */; };
		8CCCAD2B2C67D8F000A1B557 /* Pods_Chiara.framework in Embed Frameworks */ = {isa = PBXBuildFile; fileRef = 2991DA54440F2FB04014ED9B /* Pods_Chiara.framework */; settings = {ATTRIBUTES = (CodeSignOnCopy, RemoveHeadersOnCopy, ); }; };
		FB1050812C67D06F0014097E /* SplashView.swift in Sources */ = {isa = PBXBuildFile; fileRef = FB1050802C67D06F0014097E /* SplashView.swift */; };
		FB1050862C67D3940014097E /* MapView.swift in Sources */ = {isa = PBXBuildFile; fileRef = FB1050822C67D3940014097E /* MapView.swift */; };
		FB1050872C67D3940014097E /* MapViewRepresentable.swift in Sources */ = {isa = PBXBuildFile; fileRef = FB1050832C67D3940014097E /* MapViewRepresentable.swift */; };
		FB1050882C67D3940014097E /* StreetDrainSheetView.swift in Sources */ = {isa = PBXBuildFile; fileRef = FB1050842C67D3940014097E /* StreetDrainSheetView.swift */; };
		FB1050892C67D3940014097E /* CustomAnnotation.swift in Sources */ = {isa = PBXBuildFile; fileRef = FB1050852C67D3940014097E /* CustomAnnotation.swift */; };
		FB10508B2C67DD1E0014097E /* RouterManager.swift in Sources */ = {isa = PBXBuildFile; fileRef = FB10508A2C67DD1E0014097E /* RouterManager.swift */; };
		FB10508D2C67EE310014097E /* GoogleService-Info.plist in Resources */ = {isa = PBXBuildFile; fileRef = FB10508C2C67EE310014097E /* GoogleService-Info.plist */; };
		FB4A04C12C675C73008324F8 /* StreetDrain.swift in Sources */ = {isa = PBXBuildFile; fileRef = FB4A04C02C675C73008324F8 /* StreetDrain.swift */; };
		FB4A04C42C676140008324F8 /* LocationManager.swift in Sources */ = {isa = PBXBuildFile; fileRef = FB4A04C32C676140008324F8 /* LocationManager.swift */; };
/* End PBXBuildFile section */

/* Begin PBXCopyFilesBuildPhase section */
		8CCCAD2C2C67D8F000A1B557 /* Embed Frameworks */ = {
			isa = PBXCopyFilesBuildPhase;
			buildActionMask = 2147483647;
			dstPath = "";
			dstSubfolderSpec = 10;
			files = (
				8CCCAD2B2C67D8F000A1B557 /* Pods_Chiara.framework in Embed Frameworks */,
			);
			name = "Embed Frameworks";
			runOnlyForDeploymentPostprocessing = 0;
		};
/* End PBXCopyFilesBuildPhase section */

/* Begin PBXFileReference section */
		2991DA54440F2FB04014ED9B /* Pods_Chiara.framework */ = {isa = PBXFileReference; explicitFileType = wrapper.framework; includeInIndex = 0; path = Pods_Chiara.framework; sourceTree = BUILT_PRODUCTS_DIR; };
		67680A1E2C6767CA001F1577 /* AppDelegate.swift */ = {isa = PBXFileReference; lastKnownFileType = sourcecode.swift; path = AppDelegate.swift; sourceTree = "<group>"; };
		67680A222C6768A9001F1577 /* StreetDrainManager.swift */ = {isa = PBXFileReference; lastKnownFileType = sourcecode.swift; path = StreetDrainManager.swift; sourceTree = "<group>"; };
		67C309F42C6754760084070F /* Chiara.app */ = {isa = PBXFileReference; explicitFileType = wrapper.application; includeInIndex = 0; path = Chiara.app; sourceTree = BUILT_PRODUCTS_DIR; };
		67C309F72C6754760084070F /* ChiaraApp.swift */ = {isa = PBXFileReference; lastKnownFileType = sourcecode.swift; path = ChiaraApp.swift; sourceTree = "<group>"; };
		67C309F92C6754760084070F /* ContentView.swift */ = {isa = PBXFileReference; lastKnownFileType = sourcecode.swift; path = ContentView.swift; sourceTree = "<group>"; };
		67C309FB2C6754780084070F /* Assets.xcassets */ = {isa = PBXFileReference; lastKnownFileType = folder.assetcatalog; path = Assets.xcassets; sourceTree = "<group>"; };
		67C309FE2C6754780084070F /* Preview Assets.xcassets */ = {isa = PBXFileReference; lastKnownFileType = folder.assetcatalog; path = "Preview Assets.xcassets"; sourceTree = "<group>"; };
		72B0950E2C67C35600192F1A /* CameraView.swift */ = {isa = PBXFileReference; lastKnownFileType = sourcecode.swift; path = CameraView.swift; sourceTree = "<group>"; };
		72B095112C67C38200192F1A /* Camera.swift */ = {isa = PBXFileReference; lastKnownFileType = sourcecode.swift; path = Camera.swift; sourceTree = "<group>"; };
		72B095132C67C39D00192F1A /* CameraPreviewView.swift */ = {isa = PBXFileReference; lastKnownFileType = sourcecode.swift; path = CameraPreviewView.swift; sourceTree = "<group>"; };
		72B095152C67C3CA00192F1A /* CameraViewModel.swift */ = {isa = PBXFileReference; lastKnownFileType = sourcecode.swift; path = CameraViewModel.swift; sourceTree = "<group>"; };
		8CCCAD1C2C67D6B500A1B557 /* chiara.json */ = {isa = PBXFileReference; fileEncoding = 4; lastKnownFileType = text.json; path = chiara.json; sourceTree = "<group>"; };
		8CCCAD1E2C67D6F800A1B557 /* LottieView.swift */ = {isa = PBXFileReference; lastKnownFileType = sourcecode.swift; path = LottieView.swift; sourceTree = "<group>"; };
		9AD58A4BEA3641F1747BB8FE /* Pods-Chiara.debug.xcconfig */ = {isa = PBXFileReference; includeInIndex = 1; lastKnownFileType = text.xcconfig; name = "Pods-Chiara.debug.xcconfig"; path = "Target Support Files/Pods-Chiara/Pods-Chiara.debug.xcconfig"; sourceTree = "<group>"; };
		C0724CBDB416C350DA45909E /* Pods-Chiara.release.xcconfig */ = {isa = PBXFileReference; includeInIndex = 1; lastKnownFileType = text.xcconfig; name = "Pods-Chiara.release.xcconfig"; path = "Target Support Files/Pods-Chiara/Pods-Chiara.release.xcconfig"; sourceTree = "<group>"; };
		FB1050802C67D06F0014097E /* SplashView.swift */ = {isa = PBXFileReference; lastKnownFileType = sourcecode.swift; path = SplashView.swift; sourceTree = "<group>"; };
		FB1050822C67D3940014097E /* MapView.swift */ = {isa = PBXFileReference; fileEncoding = 4; lastKnownFileType = sourcecode.swift; name = MapView.swift; path = Chiara/Views/Maps/MapView.swift; sourceTree = SOURCE_ROOT; };
		FB1050832C67D3940014097E /* MapViewRepresentable.swift */ = {isa = PBXFileReference; fileEncoding = 4; lastKnownFileType = sourcecode.swift; name = MapViewRepresentable.swift; path = Chiara/Views/Maps/MapViewRepresentable.swift; sourceTree = SOURCE_ROOT; };
		FB1050842C67D3940014097E /* StreetDrainSheetView.swift */ = {isa = PBXFileReference; fileEncoding = 4; lastKnownFileType = sourcecode.swift; name = StreetDrainSheetView.swift; path = Chiara/Views/Maps/StreetDrainSheetView.swift; sourceTree = SOURCE_ROOT; };
		FB1050852C67D3940014097E /* CustomAnnotation.swift */ = {isa = PBXFileReference; fileEncoding = 4; lastKnownFileType = sourcecode.swift; name = CustomAnnotation.swift; path = Chiara/Views/Maps/CustomAnnotation.swift; sourceTree = SOURCE_ROOT; };
		FB10508A2C67DD1E0014097E /* RouterManager.swift */ = {isa = PBXFileReference; lastKnownFileType = sourcecode.swift; path = RouterManager.swift; sourceTree = "<group>"; };
		FB10508C2C67EE310014097E /* GoogleService-Info.plist */ = {isa = PBXFileReference; fileEncoding = 4; lastKnownFileType = text.plist.xml; path = "GoogleService-Info.plist"; sourceTree = SOURCE_ROOT; };
		FB4A04C02C675C73008324F8 /* StreetDrain.swift */ = {isa = PBXFileReference; lastKnownFileType = sourcecode.swift; name = StreetDrain.swift; path = Chiara/Models/StreetDrain.swift; sourceTree = SOURCE_ROOT; };
		FB4A04C32C676140008324F8 /* LocationManager.swift */ = {isa = PBXFileReference; lastKnownFileType = sourcecode.swift; path = LocationManager.swift; sourceTree = "<group>"; };
/* End PBXFileReference section */

/* Begin PBXFrameworksBuildPhase section */
		67C309F12C6754760084070F /* Frameworks */ = {
			isa = PBXFrameworksBuildPhase;
			buildActionMask = 2147483647;
			files = (
				8CCCAD2A2C67D8F000A1B557 /* Pods_Chiara.framework in Frameworks */,
				8CCCAD1B2C67D65800A1B557 /* Lottie in Frameworks */,
			);
			runOnlyForDeploymentPostprocessing = 0;
		};
/* End PBXFrameworksBuildPhase section */

/* Begin PBXGroup section */
		67C309EB2C6754760084070F = {
			isa = PBXGroup;
			children = (
				67C309F62C6754760084070F /* Chiara */,
				67C309F52C6754760084070F /* Products */,
				77DBCBC6AF36BCB037062DAD /* Pods */,
				BE0900C136FFB7281EAC3941 /* Frameworks */,
			);
			sourceTree = "<group>";
		};
		67C309F52C6754760084070F /* Products */ = {
			isa = PBXGroup;
			children = (
				67C309F42C6754760084070F /* Chiara.app */,
			);
			name = Products;
			sourceTree = "<group>";
		};
		67C309F62C6754760084070F /* Chiara */ = {
			isa = PBXGroup;
			children = (
				FB4A04CD2C678206008324F8 /* Models */,
				FB4A04C22C67612D008324F8 /* Managers */,
				67C30A082C6754AB0084070F /* Helpers */,
				67C30A072C6754A20084070F /* Resources */,
				67C30A062C67549B0084070F /* Views */,
				67C30A052C6754940084070F /* App */,
			);
			path = Chiara;
			sourceTree = "<group>";
		};
		67C309FD2C6754780084070F /* Preview Content */ = {
			isa = PBXGroup;
			children = (
				67C309FE2C6754780084070F /* Preview Assets.xcassets */,
			);
			path = "Preview Content";
			sourceTree = "<group>";
		};
		67C30A052C6754940084070F /* App */ = {
			isa = PBXGroup;
			children = (
				67680A1E2C6767CA001F1577 /* AppDelegate.swift */,
				67C309F72C6754760084070F /* ChiaraApp.swift */,
				FB10508C2C67EE310014097E /* GoogleService-Info.plist */,
			);
			path = App;
			sourceTree = "<group>";
		};
		67C30A062C67549B0084070F /* Views */ = {
			isa = PBXGroup;
			children = (
				FB4A04CE2C679998008324F8 /* Maps */,
				67C309F92C6754760084070F /* ContentView.swift */,
				72B095102C67C35A00192F1A /* CameraView */,
				FB1050802C67D06F0014097E /* SplashView.swift */,
				8CCCAD1C2C67D6B500A1B557 /* chiara.json */,
				8CCCAD1E2C67D6F800A1B557 /* LottieView.swift */,
			);
			path = Views;
			sourceTree = "<group>";
		};
		67C30A072C6754A20084070F /* Resources */ = {
			isa = PBXGroup;
			children = (
				67C309FD2C6754780084070F /* Preview Content */,
				67C309FB2C6754780084070F /* Assets.xcassets */,
			);
			path = Resources;
			sourceTree = "<group>";
		};
		67C30A082C6754AB0084070F /* Helpers */ = {
			isa = PBXGroup;
			children = (
			);
			path = Helpers;
			sourceTree = "<group>";
		};
		72B095102C67C35A00192F1A /* CameraView */ = {
			isa = PBXGroup;
			children = (
				72B0950E2C67C35600192F1A /* CameraView.swift */,
				72B095112C67C38200192F1A /* Camera.swift */,
				72B095132C67C39D00192F1A /* CameraPreviewView.swift */,
				72B095152C67C3CA00192F1A /* CameraViewModel.swift */,
			);
			path = CameraView;
			sourceTree = "<group>";
		};
		77DBCBC6AF36BCB037062DAD /* Pods */ = {
			isa = PBXGroup;
			children = (
				9AD58A4BEA3641F1747BB8FE /* Pods-Chiara.debug.xcconfig */,
				C0724CBDB416C350DA45909E /* Pods-Chiara.release.xcconfig */,
			);
			path = Pods;
			sourceTree = "<group>";
		};
		BE0900C136FFB7281EAC3941 /* Frameworks */ = {
			isa = PBXGroup;
			children = (
				2991DA54440F2FB04014ED9B /* Pods_Chiara.framework */,
			);
			name = Frameworks;
			sourceTree = "<group>";
		};
		FB4A04C22C67612D008324F8 /* Managers */ = {
			isa = PBXGroup;
			children = (
				FB4A04C32C676140008324F8 /* LocationManager.swift */,
				67680A222C6768A9001F1577 /* StreetDrainManager.swift */,
				FB10508A2C67DD1E0014097E /* RouterManager.swift */,
			);
			path = Managers;
			sourceTree = "<group>";
		};
		FB4A04CD2C678206008324F8 /* Models */ = {
			isa = PBXGroup;
			children = (
				FB4A04C02C675C73008324F8 /* StreetDrain.swift */,
			);
			path = Models;
			sourceTree = "<group>";
		};
		FB4A04CE2C679998008324F8 /* Maps */ = {
			isa = PBXGroup;
			children = (
				FB1050822C67D3940014097E /* MapView.swift */,
				FB1050832C67D3940014097E /* MapViewRepresentable.swift */,
				FB1050842C67D3940014097E /* StreetDrainSheetView.swift */,
				FB1050852C67D3940014097E /* CustomAnnotation.swift */,
			);
			path = Maps;
			sourceTree = "<group>";
		};
/* End PBXGroup section */

/* Begin PBXNativeTarget section */
		67C309F32C6754760084070F /* Chiara */ = {
			isa = PBXNativeTarget;
			buildConfigurationList = 67C30A022C6754780084070F /* Build configuration list for PBXNativeTarget "Chiara" */;
			buildPhases = (
				01C0E1D426B0E937D5CCA5A8 /* [CP] Check Pods Manifest.lock */,
				67C309F02C6754760084070F /* Sources */,
				67C309F12C6754760084070F /* Frameworks */,
				67C309F22C6754760084070F /* Resources */,
				6AD5F6757D7128AFE51CFDE3 /* [CP] Embed Pods Frameworks */,
				8CCCAD2C2C67D8F000A1B557 /* Embed Frameworks */,
			);
			buildRules = (
			);
			dependencies = (
			);
			name = Chiara;
			packageProductDependencies = (
				8CCCAD1A2C67D65800A1B557 /* Lottie */,
			);
			productName = Chiara;
			productReference = 67C309F42C6754760084070F /* Chiara.app */;
			productType = "com.apple.product-type.application";
		};
/* End PBXNativeTarget section */

/* Begin PBXProject section */
		67C309EC2C6754760084070F /* Project object */ = {
			isa = PBXProject;
			attributes = {
				BuildIndependentTargetsInParallel = 1;
				LastSwiftUpdateCheck = 1520;
				LastUpgradeCheck = 1520;
				TargetAttributes = {
					67C309F32C6754760084070F = {
						CreatedOnToolsVersion = 15.2;
					};
				};
			};
			buildConfigurationList = 67C309EF2C6754760084070F /* Build configuration list for PBXProject "Chiara" */;
			compatibilityVersion = "Xcode 14.0";
			developmentRegion = en;
			hasScannedForEncodings = 0;
			knownRegions = (
				Base,
				ko,
				en,
			);
			mainGroup = 67C309EB2C6754760084070F;
			packageReferences = (
				8CCCAD192C67D65800A1B557 /* XCRemoteSwiftPackageReference "lottie-ios" */,
			);
			productRefGroup = 67C309F52C6754760084070F /* Products */;
			projectDirPath = "";
			projectRoot = "";
			targets = (
				67C309F32C6754760084070F /* Chiara */,
			);
		};
/* End PBXProject section */

/* Begin PBXResourcesBuildPhase section */
		67C309F22C6754760084070F /* Resources */ = {
			isa = PBXResourcesBuildPhase;
			buildActionMask = 2147483647;
			files = (
				67C309FF2C6754780084070F /* Preview Assets.xcassets in Resources */,
				FB10508D2C67EE310014097E /* GoogleService-Info.plist in Resources */,
				67C309FC2C6754780084070F /* Assets.xcassets in Resources */,
				8CCCAD1D2C67D6B500A1B557 /* chiara.json in Resources */,
			);
			runOnlyForDeploymentPostprocessing = 0;
		};
/* End PBXResourcesBuildPhase section */

/* Begin PBXShellScriptBuildPhase section */
		01C0E1D426B0E937D5CCA5A8 /* [CP] Check Pods Manifest.lock */ = {
			isa = PBXShellScriptBuildPhase;
			buildActionMask = 2147483647;
			files = (
			);
			inputFileListPaths = (
			);
			inputPaths = (
				"${PODS_PODFILE_DIR_PATH}/Podfile.lock",
				"${PODS_ROOT}/Manifest.lock",
			);
			name = "[CP] Check Pods Manifest.lock";
			outputFileListPaths = (
			);
			outputPaths = (
				"$(DERIVED_FILE_DIR)/Pods-Chiara-checkManifestLockResult.txt",
			);
			runOnlyForDeploymentPostprocessing = 0;
			shellPath = /bin/sh;
			shellScript = "diff \"${PODS_PODFILE_DIR_PATH}/Podfile.lock\" \"${PODS_ROOT}/Manifest.lock\" > /dev/null\nif [ $? != 0 ] ; then\n    # print error to STDERR\n    echo \"error: The sandbox is not in sync with the Podfile.lock. Run 'pod install' or update your CocoaPods installation.\" >&2\n    exit 1\nfi\n# This output is used by Xcode 'outputs' to avoid re-running this script phase.\necho \"SUCCESS\" > \"${SCRIPT_OUTPUT_FILE_0}\"\n";
			showEnvVarsInLog = 0;
		};
		6AD5F6757D7128AFE51CFDE3 /* [CP] Embed Pods Frameworks */ = {
			isa = PBXShellScriptBuildPhase;
			buildActionMask = 2147483647;
			files = (
			);
			inputFileListPaths = (
				"${PODS_ROOT}/Target Support Files/Pods-Chiara/Pods-Chiara-frameworks-${CONFIGURATION}-input-files.xcfilelist",
			);
			name = "[CP] Embed Pods Frameworks";
			outputFileListPaths = (
				"${PODS_ROOT}/Target Support Files/Pods-Chiara/Pods-Chiara-frameworks-${CONFIGURATION}-output-files.xcfilelist",
			);
			runOnlyForDeploymentPostprocessing = 0;
			shellPath = /bin/sh;
			shellScript = "\"${PODS_ROOT}/Target Support Files/Pods-Chiara/Pods-Chiara-frameworks.sh\"\n";
			showEnvVarsInLog = 0;
		};
/* End PBXShellScriptBuildPhase section */

/* Begin PBXSourcesBuildPhase section */
		67C309F02C6754760084070F /* Sources */ = {
			isa = PBXSourcesBuildPhase;
			buildActionMask = 2147483647;
			files = (
				FB1050882C67D3940014097E /* StreetDrainSheetView.swift in Sources */,
				72B095122C67C38200192F1A /* Camera.swift in Sources */,
				FB1050862C67D3940014097E /* MapView.swift in Sources */,
				FB1050892C67D3940014097E /* CustomAnnotation.swift in Sources */,
				67680A232C6768A9001F1577 /* StreetDrainManager.swift in Sources */,
				72B095142C67C39D00192F1A /* CameraPreviewView.swift in Sources */,
				72B095162C67C3CA00192F1A /* CameraViewModel.swift in Sources */,
				72B0950F2C67C35600192F1A /* CameraView.swift in Sources */,
				FB1050872C67D3940014097E /* MapViewRepresentable.swift in Sources */,
				FB1050812C67D06F0014097E /* SplashView.swift in Sources */,
				FB10508B2C67DD1E0014097E /* RouterManager.swift in Sources */,
				FB4A04C42C676140008324F8 /* LocationManager.swift in Sources */,
				8CCCAD1F2C67D6F800A1B557 /* LottieView.swift in Sources */,
				67C309FA2C6754760084070F /* ContentView.swift in Sources */,
				FB4A04C12C675C73008324F8 /* StreetDrain.swift in Sources */,
				67680A1F2C6767CA001F1577 /* AppDelegate.swift in Sources */,
				67C309F82C6754760084070F /* ChiaraApp.swift in Sources */,
			);
			runOnlyForDeploymentPostprocessing = 0;
		};
/* End PBXSourcesBuildPhase section */

/* Begin XCBuildConfiguration section */
		67C30A002C6754780084070F /* Debug */ = {
			isa = XCBuildConfiguration;
			buildSettings = {
				ALWAYS_SEARCH_USER_PATHS = NO;
				ASSETCATALOG_COMPILER_GENERATE_SWIFT_ASSET_SYMBOL_EXTENSIONS = YES;
				CLANG_ANALYZER_NONNULL = YES;
				CLANG_ANALYZER_NUMBER_OBJECT_CONVERSION = YES_AGGRESSIVE;
				CLANG_CXX_LANGUAGE_STANDARD = "gnu++20";
				CLANG_ENABLE_MODULES = YES;
				CLANG_ENABLE_OBJC_ARC = YES;
				CLANG_ENABLE_OBJC_WEAK = YES;
				CLANG_WARN_BLOCK_CAPTURE_AUTORELEASING = YES;
				CLANG_WARN_BOOL_CONVERSION = YES;
				CLANG_WARN_COMMA = YES;
				CLANG_WARN_CONSTANT_CONVERSION = YES;
				CLANG_WARN_DEPRECATED_OBJC_IMPLEMENTATIONS = YES;
				CLANG_WARN_DIRECT_OBJC_ISA_USAGE = YES_ERROR;
				CLANG_WARN_DOCUMENTATION_COMMENTS = YES;
				CLANG_WARN_EMPTY_BODY = YES;
				CLANG_WARN_ENUM_CONVERSION = YES;
				CLANG_WARN_INFINITE_RECURSION = YES;
				CLANG_WARN_INT_CONVERSION = YES;
				CLANG_WARN_NON_LITERAL_NULL_CONVERSION = YES;
				CLANG_WARN_OBJC_IMPLICIT_RETAIN_SELF = YES;
				CLANG_WARN_OBJC_LITERAL_CONVERSION = YES;
				CLANG_WARN_OBJC_ROOT_CLASS = YES_ERROR;
				CLANG_WARN_QUOTED_INCLUDE_IN_FRAMEWORK_HEADER = YES;
				CLANG_WARN_RANGE_LOOP_ANALYSIS = YES;
				CLANG_WARN_STRICT_PROTOTYPES = YES;
				CLANG_WARN_SUSPICIOUS_MOVE = YES;
				CLANG_WARN_UNGUARDED_AVAILABILITY = YES_AGGRESSIVE;
				CLANG_WARN_UNREACHABLE_CODE = YES;
				CLANG_WARN__DUPLICATE_METHOD_MATCH = YES;
				COPY_PHASE_STRIP = NO;
				DEBUG_INFORMATION_FORMAT = dwarf;
				ENABLE_STRICT_OBJC_MSGSEND = YES;
				ENABLE_TESTABILITY = YES;
				ENABLE_USER_SCRIPT_SANDBOXING = YES;
				GCC_C_LANGUAGE_STANDARD = gnu17;
				GCC_DYNAMIC_NO_PIC = NO;
				GCC_NO_COMMON_BLOCKS = YES;
				GCC_OPTIMIZATION_LEVEL = 0;
				GCC_PREPROCESSOR_DEFINITIONS = (
					"DEBUG=1",
					"$(inherited)",
				);
				GCC_WARN_64_TO_32_BIT_CONVERSION = YES;
				GCC_WARN_ABOUT_RETURN_TYPE = YES_ERROR;
				GCC_WARN_UNDECLARED_SELECTOR = YES;
				GCC_WARN_UNINITIALIZED_AUTOS = YES_AGGRESSIVE;
				GCC_WARN_UNUSED_FUNCTION = YES;
				GCC_WARN_UNUSED_VARIABLE = YES;
				IPHONEOS_DEPLOYMENT_TARGET = 17.2;
				LOCALIZATION_PREFERS_STRING_CATALOGS = YES;
				MTL_ENABLE_DEBUG_INFO = INCLUDE_SOURCE;
				MTL_FAST_MATH = YES;
				ONLY_ACTIVE_ARCH = YES;
				SDKROOT = iphoneos;
				SWIFT_ACTIVE_COMPILATION_CONDITIONS = "DEBUG $(inherited)";
				SWIFT_OPTIMIZATION_LEVEL = "-Onone";
			};
			name = Debug;
		};
		67C30A012C6754780084070F /* Release */ = {
			isa = XCBuildConfiguration;
			buildSettings = {
				ALWAYS_SEARCH_USER_PATHS = NO;
				ASSETCATALOG_COMPILER_GENERATE_SWIFT_ASSET_SYMBOL_EXTENSIONS = YES;
				CLANG_ANALYZER_NONNULL = YES;
				CLANG_ANALYZER_NUMBER_OBJECT_CONVERSION = YES_AGGRESSIVE;
				CLANG_CXX_LANGUAGE_STANDARD = "gnu++20";
				CLANG_ENABLE_MODULES = YES;
				CLANG_ENABLE_OBJC_ARC = YES;
				CLANG_ENABLE_OBJC_WEAK = YES;
				CLANG_WARN_BLOCK_CAPTURE_AUTORELEASING = YES;
				CLANG_WARN_BOOL_CONVERSION = YES;
				CLANG_WARN_COMMA = YES;
				CLANG_WARN_CONSTANT_CONVERSION = YES;
				CLANG_WARN_DEPRECATED_OBJC_IMPLEMENTATIONS = YES;
				CLANG_WARN_DIRECT_OBJC_ISA_USAGE = YES_ERROR;
				CLANG_WARN_DOCUMENTATION_COMMENTS = YES;
				CLANG_WARN_EMPTY_BODY = YES;
				CLANG_WARN_ENUM_CONVERSION = YES;
				CLANG_WARN_INFINITE_RECURSION = YES;
				CLANG_WARN_INT_CONVERSION = YES;
				CLANG_WARN_NON_LITERAL_NULL_CONVERSION = YES;
				CLANG_WARN_OBJC_IMPLICIT_RETAIN_SELF = YES;
				CLANG_WARN_OBJC_LITERAL_CONVERSION = YES;
				CLANG_WARN_OBJC_ROOT_CLASS = YES_ERROR;
				CLANG_WARN_QUOTED_INCLUDE_IN_FRAMEWORK_HEADER = YES;
				CLANG_WARN_RANGE_LOOP_ANALYSIS = YES;
				CLANG_WARN_STRICT_PROTOTYPES = YES;
				CLANG_WARN_SUSPICIOUS_MOVE = YES;
				CLANG_WARN_UNGUARDED_AVAILABILITY = YES_AGGRESSIVE;
				CLANG_WARN_UNREACHABLE_CODE = YES;
				CLANG_WARN__DUPLICATE_METHOD_MATCH = YES;
				COPY_PHASE_STRIP = NO;
				DEBUG_INFORMATION_FORMAT = "dwarf-with-dsym";
				ENABLE_NS_ASSERTIONS = NO;
				ENABLE_STRICT_OBJC_MSGSEND = YES;
				ENABLE_USER_SCRIPT_SANDBOXING = YES;
				GCC_C_LANGUAGE_STANDARD = gnu17;
				GCC_NO_COMMON_BLOCKS = YES;
				GCC_WARN_64_TO_32_BIT_CONVERSION = YES;
				GCC_WARN_ABOUT_RETURN_TYPE = YES_ERROR;
				GCC_WARN_UNDECLARED_SELECTOR = YES;
				GCC_WARN_UNINITIALIZED_AUTOS = YES_AGGRESSIVE;
				GCC_WARN_UNUSED_FUNCTION = YES;
				GCC_WARN_UNUSED_VARIABLE = YES;
				IPHONEOS_DEPLOYMENT_TARGET = 17.2;
				LOCALIZATION_PREFERS_STRING_CATALOGS = YES;
				MTL_ENABLE_DEBUG_INFO = NO;
				MTL_FAST_MATH = YES;
				SDKROOT = iphoneos;
				SWIFT_COMPILATION_MODE = wholemodule;
				VALIDATE_PRODUCT = YES;
			};
			name = Release;
		};
		67C30A032C6754780084070F /* Debug */ = {
			isa = XCBuildConfiguration;
			baseConfigurationReference = 9AD58A4BEA3641F1747BB8FE /* Pods-Chiara.debug.xcconfig */;
			buildSettings = {
				ASSETCATALOG_COMPILER_APPICON_NAME = AppIcon;
				ASSETCATALOG_COMPILER_GLOBAL_ACCENT_COLOR_NAME = AccentColor;
				CODE_SIGN_STYLE = Automatic;
				CURRENT_PROJECT_VERSION = 1;
				DEVELOPMENT_ASSET_PATHS = "\"Chiara/Resources/Preview Content\"";
				DEVELOPMENT_TEAM = 2UWGKS2UN5;
				ENABLE_PREVIEWS = YES;
				ENABLE_USER_SCRIPT_SANDBOXING = NO;
				GENERATE_INFOPLIST_FILE = YES;
				INFOPLIST_KEY_NSCameraUsageDescription = "카메라 권한을 허용해주세요.";
				INFOPLIST_KEY_NSLocationWhenInUseUsageDescription = "위치 권한을 허용해주세요.";
				INFOPLIST_KEY_UIApplicationSceneManifest_Generation = YES;
				INFOPLIST_KEY_UIApplicationSupportsIndirectInputEvents = YES;
				INFOPLIST_KEY_UILaunchScreen_Generation = YES;
				INFOPLIST_KEY_UISupportedInterfaceOrientations = UIInterfaceOrientationPortrait;
				INFOPLIST_KEY_UISupportedInterfaceOrientations_iPad = "UIInterfaceOrientationLandscapeLeft UIInterfaceOrientationLandscapeRight UIInterfaceOrientationPortrait UIInterfaceOrientationPortraitUpsideDown";
				IPHONEOS_DEPLOYMENT_TARGET = 16.0;
				LD_RUNPATH_SEARCH_PATHS = (
					"$(inherited)",
					"@executable_path/Frameworks",
				);
				MARKETING_VERSION = 1.0;
				PRODUCT_BUNDLE_IDENTIFIER = com.chan.Chiara;
				PRODUCT_NAME = "$(TARGET_NAME)";
				SUPPORTED_PLATFORMS = "iphoneos iphonesimulator";
				SUPPORTS_MACCATALYST = NO;
				SUPPORTS_MAC_DESIGNED_FOR_IPHONE_IPAD = NO;
				SUPPORTS_XR_DESIGNED_FOR_IPHONE_IPAD = NO;
				SWIFT_EMIT_LOC_STRINGS = YES;
				SWIFT_VERSION = 5.0;
				TARGETED_DEVICE_FAMILY = 1;
			};
			name = Debug;
		};
		67C30A042C6754780084070F /* Release */ = {
			isa = XCBuildConfiguration;
			baseConfigurationReference = C0724CBDB416C350DA45909E /* Pods-Chiara.release.xcconfig */;
			buildSettings = {
				ASSETCATALOG_COMPILER_APPICON_NAME = AppIcon;
				ASSETCATALOG_COMPILER_GLOBAL_ACCENT_COLOR_NAME = AccentColor;
				CODE_SIGN_STYLE = Automatic;
				CURRENT_PROJECT_VERSION = 1;
				DEVELOPMENT_ASSET_PATHS = "\"Chiara/Resources/Preview Content\"";
				DEVELOPMENT_TEAM = 2UWGKS2UN5;
				ENABLE_PREVIEWS = YES;
				ENABLE_USER_SCRIPT_SANDBOXING = NO;
				GENERATE_INFOPLIST_FILE = YES;
				INFOPLIST_KEY_NSCameraUsageDescription = "카메라 권한을 허용해주세요.";
				INFOPLIST_KEY_NSLocationWhenInUseUsageDescription = "위치 권한을 허용해주세요.";
				INFOPLIST_KEY_UIApplicationSceneManifest_Generation = YES;
				INFOPLIST_KEY_UIApplicationSupportsIndirectInputEvents = YES;
				INFOPLIST_KEY_UILaunchScreen_Generation = YES;
				INFOPLIST_KEY_UISupportedInterfaceOrientations = UIInterfaceOrientationPortrait;
				INFOPLIST_KEY_UISupportedInterfaceOrientations_iPad = "UIInterfaceOrientationLandscapeLeft UIInterfaceOrientationLandscapeRight UIInterfaceOrientationPortrait UIInterfaceOrientationPortraitUpsideDown";
				IPHONEOS_DEPLOYMENT_TARGET = 16.0;
				LD_RUNPATH_SEARCH_PATHS = (
					"$(inherited)",
					"@executable_path/Frameworks",
				);
				MARKETING_VERSION = 1.0;
				PRODUCT_BUNDLE_IDENTIFIER = com.chan.Chiara;
				PRODUCT_NAME = "$(TARGET_NAME)";
				SUPPORTED_PLATFORMS = "iphoneos iphonesimulator";
				SUPPORTS_MACCATALYST = NO;
				SUPPORTS_MAC_DESIGNED_FOR_IPHONE_IPAD = NO;
				SUPPORTS_XR_DESIGNED_FOR_IPHONE_IPAD = NO;
				SWIFT_EMIT_LOC_STRINGS = YES;
				SWIFT_VERSION = 5.0;
				TARGETED_DEVICE_FAMILY = 1;
			};
			name = Release;
		};
/* End XCBuildConfiguration section */

/* Begin XCConfigurationList section */
		67C309EF2C6754760084070F /* Build configuration list for PBXProject "Chiara" */ = {
			isa = XCConfigurationList;
			buildConfigurations = (
				67C30A002C6754780084070F /* Debug */,
				67C30A012C6754780084070F /* Release */,
			);
			defaultConfigurationIsVisible = 0;
			defaultConfigurationName = Release;
		};
		67C30A022C6754780084070F /* Build configuration list for PBXNativeTarget "Chiara" */ = {
			isa = XCConfigurationList;
			buildConfigurations = (
				67C30A032C6754780084070F /* Debug */,
				67C30A042C6754780084070F /* Release */,
			);
			defaultConfigurationIsVisible = 0;
			defaultConfigurationName = Release;
		};
/* End XCConfigurationList section */

/* Begin XCRemoteSwiftPackageReference section */
		8CCCAD192C67D65800A1B557 /* XCRemoteSwiftPackageReference "lottie-ios" */ = {
			isa = XCRemoteSwiftPackageReference;
			repositoryURL = "https://github.com/airbnb/lottie-ios";
			requirement = {
				branch = master;
				kind = branch;
			};
		};
/* End XCRemoteSwiftPackageReference section */

/* Begin XCSwiftPackageProductDependency section */
		8CCCAD1A2C67D65800A1B557 /* Lottie */ = {
			isa = XCSwiftPackageProductDependency;
			package = 8CCCAD192C67D65800A1B557 /* XCRemoteSwiftPackageReference "lottie-ios" */;
			productName = Lottie;
		};
/* End XCSwiftPackageProductDependency section */
	};
	rootObject = 67C309EC2C6754760084070F /* Project object */;
}
